
Microsoft Visual Studio Solution File, Format Version 12.00
# Visual Studio Version 16
VisualStudioVersion = 16.0.30621.155
MinimumVisualStudioVersion = 10.0.40219.1
Project("{FAE04EC0-301F-11D3-BF4B-00C04F79EFBC}") = "3DGameEngine", "3DGameEngine\3DGameEngine.csproj", "{0722F31B-DB03-4983-88F0-3AFDD7EE770F}"
EndProject
Global
	GlobalSection(SolutionConfigurationPlatforms) = preSolution
		Debug|Any CPU = Debug|Any CPU
		Release|Any CPU = Release|Any CPU
	EndGlobalSection
	GlobalSection(ProjectConfigurationPlatforms) = postSolution
		{0722F31B-DB03-4983-88F0-3AFDD7EE770F}.Debug|Any CPU.ActiveCfg = Debug|Any CPU
		{0722F31B-DB03-4983-88F0-3AFDD7EE770F}.Debug|Any CPU.Build.0 = Debug|Any CPU
		{0722F31B-DB03-4983-88F0-3AFDD7EE770F}.Release|Any CPU.ActiveCfg = Release|Any CPU
		{0722F31B-DB03-4983-88F0-3AFDD7EE770F}.Release|Any CPU.Build.0 = Release|Any CPU
	EndGlobalSection
	GlobalSection(SolutionProperties) = preSolution
		HideSolutionNode = FALSE
	EndGlobalSection
	GlobalSection(ExtensibilityGlobals) = postSolution
		SolutionGuid = {A7CF28FE-40AA-4F57-8E7A-DED0B098CC66}
	EndGlobalSection
EndGlobal
